
Microsoft Visual Studio Solution File, Format Version 12.00
# Visual Studio 2013
VisualStudioVersion = 12.0.31101.0
MinimumVisualStudioVersion = 10.0.40219.1
Project("{8BC9CEB8-8B4A-11D0-8D11-00A0C91BC942}") = "SoftwareTextureMapping", "SoftwareTextureMapping.vcxproj", "{119BB176-0417-446C-9288-9E1CE09D31AB}"
EndProject
Global
	GlobalSection(SolutionConfigurationPlatforms) = preSolution
		Debug|Win32 = Debug|Win32
		Release|Win32 = Release|Win32
	EndGlobalSection
	GlobalSection(ProjectConfigurationPlatforms) = postSolution
		{119BB176-0417-446C-9288-9E1CE09D31AB}.Debug|Win32.ActiveCfg = Debug|Win32
		{119BB176-0417-446C-9288-9E1CE09D31AB}.Debug|Win32.Build.0 = Debug|Win32
		{119BB176-0417-446C-9288-9E1CE09D31AB}.Release|Win32.ActiveCfg = Release|Win32
		{119BB176-0417-446C-9288-9E1CE09D31AB}.Release|Win32.Build.0 = Release|Win32
	EndGlobalSection
	GlobalSection(SolutionProperties) = preSolution
		HideSolutionNode = FALSE
	EndGlobalSection
EndGlobal
